// !$*UTF8*$!
{
	archiveVersion = 1;
	classes = {
	};
	objectVersion = 56;
	objects = {

/* Begin PBXBuildFile section */
		298AD3EBAAE6AAEB964C81CF /* Pods_Metflix.framework in Frameworks */ = {isa = PBXBuildFile; fileRef = F8D7972288360647ABC76A44 /* Pods_Metflix.framework */; };
		C1581F6428F50E3900859042 /* ContentsListTableViewCell.swift in Sources */ = {isa = PBXBuildFile; fileRef = C1581F6328F50E3900859042 /* ContentsListTableViewCell.swift */; };
		C1784C6E28ED6208005E2B11 /* AppDelegate.swift in Sources */ = {isa = PBXBuildFile; fileRef = C1784C6D28ED6208005E2B11 /* AppDelegate.swift */; };
		C1784C7028ED6208005E2B11 /* SceneDelegate.swift in Sources */ = {isa = PBXBuildFile; fileRef = C1784C6F28ED6208005E2B11 /* SceneDelegate.swift */; };
		C1784C7228ED6208005E2B11 /* MainViewController.swift in Sources */ = {isa = PBXBuildFile; fileRef = C1784C7128ED6208005E2B11 /* MainViewController.swift */; };
		C1784C7728ED620A005E2B11 /* Assets.xcassets in Resources */ = {isa = PBXBuildFile; fileRef = C1784C7628ED620A005E2B11 /* Assets.xcassets */; };
		C1784C7A28ED620A005E2B11 /* LaunchScreen.storyboard in Resources */ = {isa = PBXBuildFile; fileRef = C1784C7828ED620A005E2B11 /* LaunchScreen.storyboard */; };
		C1BA330E28F5398A0095B580 /* MainTabBarController.swift in Sources */ = {isa = PBXBuildFile; fileRef = C1BA330D28F5398A0095B580 /* MainTabBarController.swift */; };
		C1BA331028F53B450095B580 /* RecommendViewController.swift in Sources */ = {isa = PBXBuildFile; fileRef = C1BA330F28F53B450095B580 /* RecommendViewController.swift */; };
		C1BA331228F53C910095B580 /* StoredViewController.swift in Sources */ = {isa = PBXBuildFile; fileRef = C1BA331128F53C910095B580 /* StoredViewController.swift */; };
		C1BA331428F53D000095B580 /* MainHeaderView.swift in Sources */ = {isa = PBXBuildFile; fileRef = C1BA331328F53D000095B580 /* MainHeaderView.swift */; };
/* End PBXBuildFile section */

/* Begin PBXFileReference section */
		4265DC28B704E4C94A563F0D /* Pods-Metflix.release.xcconfig */ = {isa = PBXFileReference; includeInIndex = 1; lastKnownFileType = text.xcconfig; name = "Pods-Metflix.release.xcconfig"; path = "Target Support Files/Pods-Metflix/Pods-Metflix.release.xcconfig"; sourceTree = "<group>"; };
		86A14956706A7CE5E9EF2954 /* Pods-Metflix.debug.xcconfig */ = {isa = PBXFileReference; includeInIndex = 1; lastKnownFileType = text.xcconfig; name = "Pods-Metflix.debug.xcconfig"; path = "Target Support Files/Pods-Metflix/Pods-Metflix.debug.xcconfig"; sourceTree = "<group>"; };
		C1581F6328F50E3900859042 /* ContentsListTableViewCell.swift */ = {isa = PBXFileReference; lastKnownFileType = sourcecode.swift; path = ContentsListTableViewCell.swift; sourceTree = "<group>"; };
		C1784C6A28ED6208005E2B11 /* Metflix.app */ = {isa = PBXFileReference; explicitFileType = wrapper.application; includeInIndex = 0; path = Metflix.app; sourceTree = BUILT_PRODUCTS_DIR; };
		C1784C6D28ED6208005E2B11 /* AppDelegate.swift */ = {isa = PBXFileReference; lastKnownFileType = sourcecode.swift; path = AppDelegate.swift; sourceTree = "<group>"; };
		C1784C6F28ED6208005E2B11 /* SceneDelegate.swift */ = {isa = PBXFileReference; lastKnownFileType = sourcecode.swift; path = SceneDelegate.swift; sourceTree = "<group>"; };
		C1784C7128ED6208005E2B11 /* MainViewController.swift */ = {isa = PBXFileReference; lastKnownFileType = sourcecode.swift; path = MainViewController.swift; sourceTree = "<group>"; };
		C1784C7628ED620A005E2B11 /* Assets.xcassets */ = {isa = PBXFileReference; lastKnownFileType = folder.assetcatalog; path = Assets.xcassets; sourceTree = "<group>"; };
		C1784C7928ED620A005E2B11 /* Base */ = {isa = PBXFileReference; lastKnownFileType = file.storyboard; name = Base; path = Base.lproj/LaunchScreen.storyboard; sourceTree = "<group>"; };
		C1784C7B28ED620A005E2B11 /* Info.plist */ = {isa = PBXFileReference; lastKnownFileType = text.plist.xml; path = Info.plist; sourceTree = "<group>"; };
		C1BA330D28F5398A0095B580 /* MainTabBarController.swift */ = {isa = PBXFileReference; lastKnownFileType = sourcecode.swift; path = MainTabBarController.swift; sourceTree = "<group>"; };
		C1BA330F28F53B450095B580 /* RecommendViewController.swift */ = {isa = PBXFileReference; lastKnownFileType = sourcecode.swift; path = RecommendViewController.swift; sourceTree = "<group>"; };
		C1BA331128F53C910095B580 /* StoredViewController.swift */ = {isa = PBXFileReference; lastKnownFileType = sourcecode.swift; path = StoredViewController.swift; sourceTree = "<group>"; };
		C1BA331328F53D000095B580 /* MainHeaderView.swift */ = {isa = PBXFileReference; lastKnownFileType = sourcecode.swift; path = MainHeaderView.swift; sourceTree = "<group>"; };
		F8D7972288360647ABC76A44 /* Pods_Metflix.framework */ = {isa = PBXFileReference; explicitFileType = wrapper.framework; includeInIndex = 0; path = Pods_Metflix.framework; sourceTree = BUILT_PRODUCTS_DIR; };
/* End PBXFileReference section */

/* Begin PBXFrameworksBuildPhase section */
		C1784C6728ED6208005E2B11 /* Frameworks */ = {
			isa = PBXFrameworksBuildPhase;
			buildActionMask = 2147483647;
			files = (
				298AD3EBAAE6AAEB964C81CF /* Pods_Metflix.framework in Frameworks */,
			);
			runOnlyForDeploymentPostprocessing = 0;
		};
/* End PBXFrameworksBuildPhase section */

/* Begin PBXGroup section */
		C1784C6128ED6208005E2B11 = {
			isa = PBXGroup;
			children = (
				C1784C6C28ED6208005E2B11 /* Metflix */,
				C1784C6B28ED6208005E2B11 /* Products */,
				E051D7B24917A04A35467DD9 /* Pods */,
				D5228FEF78F07F5B00977827 /* Frameworks */,
			);
			sourceTree = "<group>";
		};
		C1784C6B28ED6208005E2B11 /* Products */ = {
			isa = PBXGroup;
			children = (
				C1784C6A28ED6208005E2B11 /* Metflix.app */,
			);
			name = Products;
			sourceTree = "<group>";
		};
		C1784C6C28ED6208005E2B11 /* Metflix */ = {
			isa = PBXGroup;
			children = (
				C1784C6D28ED6208005E2B11 /* AppDelegate.swift */,
				C1784C6F28ED6208005E2B11 /* SceneDelegate.swift */,
				C1784C7128ED6208005E2B11 /* MainViewController.swift */,
				C1784C7628ED620A005E2B11 /* Assets.xcassets */,
				C1784C7828ED620A005E2B11 /* LaunchScreen.storyboard */,
				C1784C7B28ED620A005E2B11 /* Info.plist */,
				C1581F6328F50E3900859042 /* ContentsListTableViewCell.swift */,
				C1BA330D28F5398A0095B580 /* MainTabBarController.swift */,
				C1BA330F28F53B450095B580 /* RecommendViewController.swift */,
				C1BA331128F53C910095B580 /* StoredViewController.swift */,
				C1BA331328F53D000095B580 /* MainHeaderView.swift */,
			);
			path = Metflix;
			sourceTree = "<group>";
		};
		D5228FEF78F07F5B00977827 /* Frameworks */ = {
			isa = PBXGroup;
			children = (
				F8D7972288360647ABC76A44 /* Pods_Metflix.framework */,
			);
			name = Frameworks;
			sourceTree = "<group>";
		};
		E051D7B24917A04A35467DD9 /* Pods */ = {
			isa = PBXGroup;
			children = (
				86A14956706A7CE5E9EF2954 /* Pods-Metflix.debug.xcconfig */,
				4265DC28B704E4C94A563F0D /* Pods-Metflix.release.xcconfig */,
			);
			path = Pods;
			sourceTree = "<group>";
		};
/* End PBXGroup section */

/* Begin PBXNativeTarget section */
		C1784C6928ED6208005E2B11 /* Metflix */ = {
			isa = PBXNativeTarget;
			buildConfigurationList = C1784C7E28ED620A005E2B11 /* Build configuration list for PBXNativeTarget "Metflix" */;
			buildPhases = (
				4E20FC2A0F6A9F7FF828714E /* [CP] Check Pods Manifest.lock */,
				C1784C6628ED6208005E2B11 /* Sources */,
				C1784C6728ED6208005E2B11 /* Frameworks */,
				C1784C6828ED6208005E2B11 /* Resources */,
				FDAA063A1A190114A561D4FF /* [CP] Embed Pods Frameworks */,
			);
			buildRules = (
			);
			dependencies = (
			);
			name = Metflix;
			productName = Metflix;
			productReference = C1784C6A28ED6208005E2B11 /* Metflix.app */;
			productType = "com.apple.product-type.application";
		};
/* End PBXNativeTarget section */

/* Begin PBXProject section */
		C1784C6228ED6208005E2B11 /* Project object */ = {
			isa = PBXProject;
			attributes = {
				BuildIndependentTargetsInParallel = 1;
				LastSwiftUpdateCheck = 1400;
				LastUpgradeCheck = 1400;
				TargetAttributes = {
					C1784C6928ED6208005E2B11 = {
						CreatedOnToolsVersion = 14.0;
					};
				};
			};
			buildConfigurationList = C1784C6528ED6208005E2B11 /* Build configuration list for PBXProject "Metflix" */;
			compatibilityVersion = "Xcode 14.0";
			developmentRegion = en;
			hasScannedForEncodings = 0;
			knownRegions = (
				en,
				Base,
			);
			mainGroup = C1784C6128ED6208005E2B11;
			productRefGroup = C1784C6B28ED6208005E2B11 /* Products */;
			projectDirPath = "";
			projectRoot = "";
			targets = (
				C1784C6928ED6208005E2B11 /* Metflix */,
			);
		};
/* End PBXProject section */

/* Begin PBXResourcesBuildPhase section */
		C1784C6828ED6208005E2B11 /* Resources */ = {
			isa = PBXResourcesBuildPhase;
			buildActionMask = 2147483647;
			files = (
				C1784C7A28ED620A005E2B11 /* LaunchScreen.storyboard in Resources */,
				C1784C7728ED620A005E2B11 /* Assets.xcassets in Resources */,
			);
			runOnlyForDeploymentPostprocessing = 0;
		};
/* End PBXResourcesBuildPhase section */

/* Begin PBXShellScriptBuildPhase section */
		4E20FC2A0F6A9F7FF828714E /* [CP] Check Pods Manifest.lock */ = {
			isa = PBXShellScriptBuildPhase;
			buildActionMask = 2147483647;
			files = (
			);
			inputFileListPaths = (
			);
			inputPaths = (
				"${PODS_PODFILE_DIR_PATH}/Podfile.lock",
				"${PODS_ROOT}/Manifest.lock",
			);
			name = "[CP] Check Pods Manifest.lock";
			outputFileListPaths = (
			);
			outputPaths = (
				"$(DERIVED_FILE_DIR)/Pods-Metflix-checkManifestLockResult.txt",
			);
			runOnlyForDeploymentPostprocessing = 0;
			shellPath = /bin/sh;
			shellScript = "diff \"${PODS_PODFILE_DIR_PATH}/Podfile.lock\" \"${PODS_ROOT}/Manifest.lock\" > /dev/null\nif [ $? != 0 ] ; then\n    # print error to STDERR\n    echo \"error: The sandbox is not in sync with the Podfile.lock. Run 'pod install' or update your CocoaPods installation.\" >&2\n    exit 1\nfi\n# This output is used by Xcode 'outputs' to avoid re-running this script phase.\necho \"SUCCESS\" > \"${SCRIPT_OUTPUT_FILE_0}\"\n";
			showEnvVarsInLog = 0;
		};
		FDAA063A1A190114A561D4FF /* [CP] Embed Pods Frameworks */ = {
			isa = PBXShellScriptBuildPhase;
			buildActionMask = 2147483647;
			files = (
			);
			inputFileListPaths = (
				"${PODS_ROOT}/Target Support Files/Pods-Metflix/Pods-Metflix-frameworks-${CONFIGURATION}-input-files.xcfilelist",
			);
			name = "[CP] Embed Pods Frameworks";
			outputFileListPaths = (
				"${PODS_ROOT}/Target Support Files/Pods-Metflix/Pods-Metflix-frameworks-${CONFIGURATION}-output-files.xcfilelist",
			);
			runOnlyForDeploymentPostprocessing = 0;
			shellPath = /bin/sh;
			shellScript = "\"${PODS_ROOT}/Target Support Files/Pods-Metflix/Pods-Metflix-frameworks.sh\"\n";
			showEnvVarsInLog = 0;
		};
/* End PBXShellScriptBuildPhase section */

/* Begin PBXSourcesBuildPhase section */
		C1784C6628ED6208005E2B11 /* Sources */ = {
			isa = PBXSourcesBuildPhase;
			buildActionMask = 2147483647;
			files = (
				C1BA331428F53D000095B580 /* MainHeaderView.swift in Sources */,
				C1BA331228F53C910095B580 /* StoredViewController.swift in Sources */,
				C1784C7228ED6208005E2B11 /* MainViewController.swift in Sources */,
				C1BA331028F53B450095B580 /* RecommendViewController.swift in Sources */,
				C1784C6E28ED6208005E2B11 /* AppDelegate.swift in Sources */,
				C1BA330E28F5398A0095B580 /* MainTabBarController.swift in Sources */,
				C1784C7028ED6208005E2B11 /* SceneDelegate.swift in Sources */,
				C1581F6428F50E3900859042 /* ContentsListTableViewCell.swift in Sources */,
			);
			runOnlyForDeploymentPostprocessing = 0;
		};
/* End PBXSourcesBuildPhase section */

/* Begin PBXVariantGroup section */
		C1784C7828ED620A005E2B11 /* LaunchScreen.storyboard */ = {
			isa = PBXVariantGroup;
			children = (
				C1784C7928ED620A005E2B11 /* Base */,
			);
			name = LaunchScreen.storyboard;
			sourceTree = "<group>";
		};
/* End PBXVariantGroup section */

/* Begin XCBuildConfiguration section */
		C1784C7C28ED620A005E2B11 /* Debug */ = {
			isa = XCBuildConfiguration;
			buildSettings = {
				ALWAYS_SEARCH_USER_PATHS = NO;
				CLANG_ANALYZER_NONNULL = YES;
				CLANG_ANALYZER_NUMBER_OBJECT_CONVERSION = YES_AGGRESSIVE;
				CLANG_CXX_LANGUAGE_STANDARD = "gnu++20";
				CLANG_ENABLE_MODULES = YES;
				CLANG_ENABLE_OBJC_ARC = YES;
				CLANG_ENABLE_OBJC_WEAK = YES;
				CLANG_WARN_BLOCK_CAPTURE_AUTORELEASING = YES;
				CLANG_WARN_BOOL_CONVERSION = YES;
				CLANG_WARN_COMMA = YES;
				CLANG_WARN_CONSTANT_CONVERSION = YES;
				CLANG_WARN_DEPRECATED_OBJC_IMPLEMENTATIONS = YES;
				CLANG_WARN_DIRECT_OBJC_ISA_USAGE = YES_ERROR;
				CLANG_WARN_DOCUMENTATION_COMMENTS = YES;
				CLANG_WARN_EMPTY_BODY = YES;
				CLANG_WARN_ENUM_CONVERSION = YES;
				CLANG_WARN_INFINITE_RECURSION = YES;
				CLANG_WARN_INT_CONVERSION = YES;
				CLANG_WARN_NON_LITERAL_NULL_CONVERSION = YES;
				CLANG_WARN_OBJC_IMPLICIT_RETAIN_SELF = YES;
				CLANG_WARN_OBJC_LITERAL_CONVERSION = YES;
				CLANG_WARN_OBJC_ROOT_CLASS = YES_ERROR;
				CLANG_WARN_QUOTED_INCLUDE_IN_FRAMEWORK_HEADER = YES;
				CLANG_WARN_RANGE_LOOP_ANALYSIS = YES;
				CLANG_WARN_STRICT_PROTOTYPES = YES;
				CLANG_WARN_SUSPICIOUS_MOVE = YES;
				CLANG_WARN_UNGUARDED_AVAILABILITY = YES_AGGRESSIVE;
				CLANG_WARN_UNREACHABLE_CODE = YES;
				CLANG_WARN__DUPLICATE_METHOD_MATCH = YES;
				COPY_PHASE_STRIP = NO;
				DEBUG_INFORMATION_FORMAT = dwarf;
				ENABLE_STRICT_OBJC_MSGSEND = YES;
				ENABLE_TESTABILITY = YES;
				GCC_C_LANGUAGE_STANDARD = gnu11;
				GCC_DYNAMIC_NO_PIC = NO;
				GCC_NO_COMMON_BLOCKS = YES;
				GCC_OPTIMIZATION_LEVEL = 0;
				GCC_PREPROCESSOR_DEFINITIONS = (
					"DEBUG=1",
					"$(inherited)",
				);
				GCC_WARN_64_TO_32_BIT_CONVERSION = YES;
				GCC_WARN_ABOUT_RETURN_TYPE = YES_ERROR;
				GCC_WARN_UNDECLARED_SELECTOR = YES;
				GCC_WARN_UNINITIALIZED_AUTOS = YES_AGGRESSIVE;
				GCC_WARN_UNUSED_FUNCTION = YES;
				GCC_WARN_UNUSED_VARIABLE = YES;
				IPHONEOS_DEPLOYMENT_TARGET = 16.0;
				MTL_ENABLE_DEBUG_INFO = INCLUDE_SOURCE;
				MTL_FAST_MATH = YES;
				ONLY_ACTIVE_ARCH = YES;
				SDKROOT = iphoneos;
				SWIFT_ACTIVE_COMPILATION_CONDITIONS = DEBUG;
				SWIFT_OPTIMIZATION_LEVEL = "-Onone";
			};
			name = Debug;
		};
		C1784C7D28ED620A005E2B11 /* Release */ = {
			isa = XCBuildConfiguration;
			buildSettings = {
				ALWAYS_SEARCH_USER_PATHS = NO;
				CLANG_ANALYZER_NONNULL = YES;
				CLANG_ANALYZER_NUMBER_OBJECT_CONVERSION = YES_AGGRESSIVE;
				CLANG_CXX_LANGUAGE_STANDARD = "gnu++20";
				CLANG_ENABLE_MODULES = YES;
				CLANG_ENABLE_OBJC_ARC = YES;
				CLANG_ENABLE_OBJC_WEAK = YES;
				CLANG_WARN_BLOCK_CAPTURE_AUTORELEASING = YES;
				CLANG_WARN_BOOL_CONVERSION = YES;
				CLANG_WARN_COMMA = YES;
				CLANG_WARN_CONSTANT_CONVERSION = YES;
				CLANG_WARN_DEPRECATED_OBJC_IMPLEMENTATIONS = YES;
				CLANG_WARN_DIRECT_OBJC_ISA_USAGE = YES_ERROR;
				CLANG_WARN_DOCUMENTATION_COMMENTS = YES;
				CLANG_WARN_EMPTY_BODY = YES;
				CLANG_WARN_ENUM_CONVERSION = YES;
				CLANG_WARN_INFINITE_RECURSION = YES;
				CLANG_WARN_INT_CONVERSION = YES;
				CLANG_WARN_NON_LITERAL_NULL_CONVERSION = YES;
				CLANG_WARN_OBJC_IMPLICIT_RETAIN_SELF = YES;
				CLANG_WARN_OBJC_LITERAL_CONVERSION = YES;
				CLANG_WARN_OBJC_ROOT_CLASS = YES_ERROR;
				CLANG_WARN_QUOTED_INCLUDE_IN_FRAMEWORK_HEADER = YES;
				CLANG_WARN_RANGE_LOOP_ANALYSIS = YES;
				CLANG_WARN_STRICT_PROTOTYPES = YES;
				CLANG_WARN_SUSPICIOUS_MOVE = YES;
				CLANG_WARN_UNGUARDED_AVAILABILITY = YES_AGGRESSIVE;
				CLANG_WARN_UNREACHABLE_CODE = YES;
				CLANG_WARN__DUPLICATE_METHOD_MATCH = YES;
				COPY_PHASE_STRIP = NO;
				DEBUG_INFORMATION_FORMAT = "dwarf-with-dsym";
				ENABLE_NS_ASSERTIONS = NO;
				ENABLE_STRICT_OBJC_MSGSEND = YES;
				GCC_C_LANGUAGE_STANDARD = gnu11;
				GCC_NO_COMMON_BLOCKS = YES;
				GCC_WARN_64_TO_32_BIT_CONVERSION = YES;
				GCC_WARN_ABOUT_RETURN_TYPE = YES_ERROR;
				GCC_WARN_UNDECLARED_SELECTOR = YES;
				GCC_WARN_UNINITIALIZED_AUTOS = YES_AGGRESSIVE;
				GCC_WARN_UNUSED_FUNCTION = YES;
				GCC_WARN_UNUSED_VARIABLE = YES;
				IPHONEOS_DEPLOYMENT_TARGET = 16.0;
				MTL_ENABLE_DEBUG_INFO = NO;
				MTL_FAST_MATH = YES;
				SDKROOT = iphoneos;
				SWIFT_COMPILATION_MODE = wholemodule;
				SWIFT_OPTIMIZATION_LEVEL = "-O";
				VALIDATE_PRODUCT = YES;
			};
			name = Release;
		};
		C1784C7F28ED620A005E2B11 /* Debug */ = {
			isa = XCBuildConfiguration;
			baseConfigurationReference = 86A14956706A7CE5E9EF2954 /* Pods-Metflix.debug.xcconfig */;
			buildSettings = {
				ASSETCATALOG_COMPILER_APPICON_NAME = AppIcon;
				ASSETCATALOG_COMPILER_GLOBAL_ACCENT_COLOR_NAME = AccentColor;
				CODE_SIGN_STYLE = Automatic;
				CURRENT_PROJECT_VERSION = 1;
				DEVELOPMENT_TEAM = KL2HAQ9H72;
				GENERATE_INFOPLIST_FILE = YES;
				INFOPLIST_FILE = Metflix/Info.plist;
				INFOPLIST_KEY_UIApplicationSupportsIndirectInputEvents = YES;
				INFOPLIST_KEY_UILaunchStoryboardName = LaunchScreen.storyboard;
				INFOPLIST_KEY_UISupportedInterfaceOrientations = UIInterfaceOrientationPortrait;
				INFOPLIST_KEY_UISupportedInterfaceOrientations_iPad = "UIInterfaceOrientationLandscapeLeft UIInterfaceOrientationLandscapeRight UIInterfaceOrientationPortrait UIInterfaceOrientationPortraitUpsideDown";
				IPHONEOS_DEPLOYMENT_TARGET = 14.0;
				LD_RUNPATH_SEARCH_PATHS = (
					"$(inherited)",
					"@executable_path/Frameworks",
				);
				MARKETING_VERSION = 1.0;
				PRODUCT_BUNDLE_IDENTIFIER = com.mngon.Metflix;
				PRODUCT_NAME = "$(TARGET_NAME)";
				SUPPORTED_PLATFORMS = "iphoneos iphonesimulator";
				SUPPORTS_MACCATALYST = NO;
				SUPPORTS_MAC_DESIGNED_FOR_IPHONE_IPAD = YES;
				SWIFT_EMIT_LOC_STRINGS = YES;
				SWIFT_VERSION = 5.0;
				TARGETED_DEVICE_FAMILY = 1;
			};
			name = Debug;
		};
		C1784C8028ED620A005E2B11 /* Release */ = {
			isa = XCBuildConfiguration;
			baseConfigurationReference = 4265DC28B704E4C94A563F0D /* Pods-Metflix.release.xcconfig */;
			buildSettings = {
				ASSETCATALOG_COMPILER_APPICON_NAME = AppIcon;
				ASSETCATALOG_COMPILER_GLOBAL_ACCENT_COLOR_NAME = AccentColor;
				CODE_SIGN_STYLE = Automatic;
				CURRENT_PROJECT_VERSION = 1;
				DEVELOPMENT_TEAM = KL2HAQ9H72;
				GENERATE_INFOPLIST_FILE = YES;
				INFOPLIST_FILE = Metflix/Info.plist;
				INFOPLIST_KEY_UIApplicationSupportsIndirectInputEvents = YES;
				INFOPLIST_KEY_UILaunchStoryboardName = LaunchScreen.storyboard;
				INFOPLIST_KEY_UISupportedInterfaceOrientations = UIInterfaceOrientationPortrait;
				INFOPLIST_KEY_UISupportedInterfaceOrientations_iPad = "UIInterfaceOrientationLandscapeLeft UIInterfaceOrientationLandscapeRight UIInterfaceOrientationPortrait UIInterfaceOrientationPortraitUpsideDown";
				IPHONEOS_DEPLOYMENT_TARGET = 14.0;
				LD_RUNPATH_SEARCH_PATHS = (
					"$(inherited)",
					"@executable_path/Frameworks",
				);
				MARKETING_VERSION = 1.0;
				PRODUCT_BUNDLE_IDENTIFIER = com.mngon.Metflix;
				PRODUCT_NAME = "$(TARGET_NAME)";
				SUPPORTED_PLATFORMS = "iphoneos iphonesimulator";
				SUPPORTS_MACCATALYST = NO;
				SUPPORTS_MAC_DESIGNED_FOR_IPHONE_IPAD = YES;
				SWIFT_EMIT_LOC_STRINGS = YES;
				SWIFT_VERSION = 5.0;
				TARGETED_DEVICE_FAMILY = 1;
			};
			name = Release;
		};
/* End XCBuildConfiguration section */

/* Begin XCConfigurationList section */
		C1784C6528ED6208005E2B11 /* Build configuration list for PBXProject "Metflix" */ = {
			isa = XCConfigurationList;
			buildConfigurations = (
				C1784C7C28ED620A005E2B11 /* Debug */,
				C1784C7D28ED620A005E2B11 /* Release */,
			);
			defaultConfigurationIsVisible = 0;
			defaultConfigurationName = Release;
		};
		C1784C7E28ED620A005E2B11 /* Build configuration list for PBXNativeTarget "Metflix" */ = {
			isa = XCConfigurationList;
			buildConfigurations = (
				C1784C7F28ED620A005E2B11 /* Debug */,
				C1784C8028ED620A005E2B11 /* Release */,
			);
			defaultConfigurationIsVisible = 0;
			defaultConfigurationName = Release;
		};
/* End XCConfigurationList section */
	};
	rootObject = C1784C6228ED6208005E2B11 /* Project object */;
}
